
Microsoft Visual Studio Solution File, Format Version 12.00
# Visual Studio 15
VisualStudioVersion = 15.0.28307.757
MinimumVisualStudioVersion = 10.0.40219.1
Project("{9A19103F-16F7-4668-BE54-9A1E7A4F7556}") = "ColourAPI", "ColourAPI.csproj", "{E1F9194C-DDF4-47E6-B64B-BD3AA5A0BBBC}"
EndProject
Global
	GlobalSection(SolutionConfigurationPlatforms) = preSolution
		Debug|Any CPU = Debug|Any CPU
		Release|Any CPU = Release|Any CPU
	EndGlobalSection
	GlobalSection(ProjectConfigurationPlatforms) = postSolution
		{E1F9194C-DDF4-47E6-B64B-BD3AA5A0BBBC}.Debug|Any CPU.ActiveCfg = Debug|Any CPU
		{E1F9194C-DDF4-47E6-B64B-BD3AA5A0BBBC}.Debug|Any CPU.Build.0 = Debug|Any CPU
		{E1F9194C-DDF4-47E6-B64B-BD3AA5A0BBBC}.Release|Any CPU.ActiveCfg = Release|Any CPU
		{E1F9194C-DDF4-47E6-B64B-BD3AA5A0BBBC}.Release|Any CPU.Build.0 = Release|Any CPU
	EndGlobalSection
	GlobalSection(SolutionProperties) = preSolution
		HideSolutionNode = FALSE
	EndGlobalSection
	GlobalSection(ExtensibilityGlobals) = postSolution
		SolutionGuid = {C9A8C0E6-7022-40D3-8B2E-E38AE0EF24B8}
	EndGlobalSection
EndGlobal
